
Microsoft Visual Studio Solution File, Format Version 12.00
# Visual Studio Version 16
VisualStudioVersion = 16.0.30011.22
MinimumVisualStudioVersion = 10.0.40219.1
Project("{FAE04EC0-301F-11D3-BF4B-00C04F79EFBC}") = "Servidor", "Servidor\Servidor.csproj", "{A816A9BE-C9A1-4D00-A2F9-2839E4974A02}"
EndProject
Global
	GlobalSection(SolutionConfigurationPlatforms) = preSolution
		Debug|Any CPU = Debug|Any CPU
		Release|Any CPU = Release|Any CPU
	EndGlobalSection
	GlobalSection(ProjectConfigurationPlatforms) = postSolution
		{A816A9BE-C9A1-4D00-A2F9-2839E4974A02}.Debug|Any CPU.ActiveCfg = Debug|Any CPU
		{A816A9BE-C9A1-4D00-A2F9-2839E4974A02}.Debug|Any CPU.Build.0 = Debug|Any CPU
		{A816A9BE-C9A1-4D00-A2F9-2839E4974A02}.Release|Any CPU.ActiveCfg = Release|Any CPU
		{A816A9BE-C9A1-4D00-A2F9-2839E4974A02}.Release|Any CPU.Build.0 = Release|Any CPU
	EndGlobalSection
	GlobalSection(SolutionProperties) = preSolution
		HideSolutionNode = FALSE
	EndGlobalSection
	GlobalSection(ExtensibilityGlobals) = postSolution
		SolutionGuid = {F11C6EDF-7451-41D3-AEC5-5E27980EF64C}
	EndGlobalSection
EndGlobal
